{
  "name": "controls-web-pg-stand",
  "version": "0.0.0",
  "lockfileVersion": 3,
  "requires": true,
  "packages": {
    "": {
      "name": "controls-web-pg-stand",
      "version": "0.0.0",
      "dependencies": {
        "@embedded-postgres/linux-x64": "16.14.0-beta.17"
      }
    },
    "node_modules/@embedded-postgres/linux-x64": {
      "version": "16.14.0-beta.17",
      "resolved": "https://registry.npmjs.org/@embedded-postgres/linux-x64/-/linux-x64-16.14.0-beta.17.tgz",
      "integrity": "sha512-8fr7hEiI7XlbPDPsLZJ4RU1NR6jTIDWpf81Sfiwk3T845V0yJJGxjawjkQZmIWVgPW/qY/dMSv0o08FRWJ/zsg==",
      "cpu": [
        "x64"
      ],
      "hasInstallScript": true,
      "license": "MIT",
      "os": [
        "linux"
      ],
      "engines": {
        "node": ">=16"
      }
    }
  }
}
